// !$*UTF8*$!
{
	archiveVersion = 1;
	classes = {
	};
	objectVersion = 56;
	objects = {

/* Begin PBXBuildFile section */
		C12147052C78B62200E095BA /* ImageCell.swift in Sources */ = {isa = PBXBuildFile; fileRef = C12147032C78B62200E095BA /* ImageCell.swift */; };
		C12147062C78B62200E095BA /* ImageCell.xib in Resources */ = {isa = PBXBuildFile; fileRef = C12147042C78B62200E095BA /* ImageCell.xib */; };
		C121470A2C78BC1200E095BA /* TopicHeaderView.swift in Sources */ = {isa = PBXBuildFile; fileRef = C12147082C78BC1200E095BA /* TopicHeaderView.swift */; };
		C121470B2C78BC1200E095BA /* TopicHeaderView.xib in Resources */ = {isa = PBXBuildFile; fileRef = C12147092C78BC1200E095BA /* TopicHeaderView.xib */; };
		C12147102C78BCE400E095BA /* TopicCell.swift in Sources */ = {isa = PBXBuildFile; fileRef = C121470E2C78BCE400E095BA /* TopicCell.swift */; };
		C12147112C78BCE400E095BA /* TopicCell.xib in Resources */ = {isa = PBXBuildFile; fileRef = C121470F2C78BCE400E095BA /* TopicCell.xib */; };
		C139919A2C7A3A5E00DF0936 /* TopicEndpoint.swift in Sources */ = {isa = PBXBuildFile; fileRef = C13991992C7A3A5E00DF0936 /* TopicEndpoint.swift */; };
		C139919C2C7A3A7400DF0936 /* TopicManager.swift in Sources */ = {isa = PBXBuildFile; fileRef = C139919B2C7A3A7400DF0936 /* TopicManager.swift */; };
		C139919F2C7CA33500DF0936 /* PhotoManager.swift in Sources */ = {isa = PBXBuildFile; fileRef = C139919E2C7CA33500DF0936 /* PhotoManager.swift */; };
		C13991A12C7CA34000DF0936 /* PhotoEndpoint.swift in Sources */ = {isa = PBXBuildFile; fileRef = C13991A02C7CA34000DF0936 /* PhotoEndpoint.swift */; };
		C13991A32C7F14E300DF0936 /* GoogleService-Info.plist in Resources */ = {isa = PBXBuildFile; fileRef = C13991A22C7F14E300DF0936 /* GoogleService-Info.plist */; };
		C13991A62C7F15B500DF0936 /* FirebaseAuth in Frameworks */ = {isa = PBXBuildFile; productRef = C13991A52C7F15B500DF0936 /* FirebaseAuth */; };
		C13991A82C7F15B500DF0936 /* FirebaseCrashlytics in Frameworks */ = {isa = PBXBuildFile; productRef = C13991A72C7F15B500DF0936 /* FirebaseCrashlytics */; };
		C13991AA2C7F15B500DF0936 /* FirebaseDatabase in Frameworks */ = {isa = PBXBuildFile; productRef = C13991A92C7F15B500DF0936 /* FirebaseDatabase */; };
		C13991AC2C7F15B500DF0936 /* FirebaseFirestore in Frameworks */ = {isa = PBXBuildFile; productRef = C13991AB2C7F15B500DF0936 /* FirebaseFirestore */; };
		C13991AE2C7F15B500DF0936 /* FirebaseStorage in Frameworks */ = {isa = PBXBuildFile; productRef = C13991AD2C7F15B500DF0936 /* FirebaseStorage */; };
		C13991B02C7F66E800DF0936 /* FirebaseManager.swift in Sources */ = {isa = PBXBuildFile; fileRef = C13991AF2C7F66E800DF0936 /* FirebaseManager.swift */; };
		C16532492C76331D007BDF7F /* Kingfisher in Frameworks */ = {isa = PBXBuildFile; productRef = C16532482C76331D007BDF7F /* Kingfisher */; };
		C1757BD72C7635D3006F4F1C /* Alamofire in Frameworks */ = {isa = PBXBuildFile; productRef = C1757BD62C7635D3006F4F1C /* Alamofire */; };
		C199CFA82C54E3FF00E2A22F /* AppDelegate.swift in Sources */ = {isa = PBXBuildFile; fileRef = C199CFA72C54E3FF00E2A22F /* AppDelegate.swift */; };
		C199CFAA2C54E3FF00E2A22F /* SceneDelegate.swift in Sources */ = {isa = PBXBuildFile; fileRef = C199CFA92C54E3FF00E2A22F /* SceneDelegate.swift */; };
		C199CFAC2C54E3FF00E2A22F /* ViewController.swift in Sources */ = {isa = PBXBuildFile; fileRef = C199CFAB2C54E3FF00E2A22F /* ViewController.swift */; };
		C199CFAF2C54E3FF00E2A22F /* Base in Resources */ = {isa = PBXBuildFile; fileRef = C199CFAE2C54E3FF00E2A22F /* Base */; };
		C199CFB12C54E40000E2A22F /* Assets.xcassets in Resources */ = {isa = PBXBuildFile; fileRef = C199CFB02C54E40000E2A22F /* Assets.xcassets */; };
		C199CFB42C54E40000E2A22F /* Base in Resources */ = {isa = PBXBuildFile; fileRef = C199CFB32C54E40000E2A22F /* Base */; };
		C199CFBD2C5A5F1700E2A22F /* LoginController.swift in Sources */ = {isa = PBXBuildFile; fileRef = C199CFBC2C5A5F1700E2A22F /* LoginController.swift */; };
		C199CFC02C5A5F3A00E2A22F /* RegisterController.swift in Sources */ = {isa = PBXBuildFile; fileRef = C199CFBF2C5A5F3A00E2A22F /* RegisterController.swift */; };
		C199CFFB2C665FC900E2A22F /* Coordinator.swift in Sources */ = {isa = PBXBuildFile; fileRef = C199CFFA2C665FC900E2A22F /* Coordinator.swift */; };
		C199CFFE2C66602200E2A22F /* LoginViewModel.swift in Sources */ = {isa = PBXBuildFile; fileRef = C199CFFD2C66602200E2A22F /* LoginViewModel.swift */; };
		C199D0002C6660A900E2A22F /* LoginCoordinator.swift in Sources */ = {isa = PBXBuildFile; fileRef = C199CFFF2C6660A900E2A22F /* LoginCoordinator.swift */; };
		C199D0302C6CBBF600E2A22F /* RegisterViewModel.swift in Sources */ = {isa = PBXBuildFile; fileRef = C199D02F2C6CBBF600E2A22F /* RegisterViewModel.swift */; };
		C199D0332C6CBC4800E2A22F /* HomeController.swift in Sources */ = {isa = PBXBuildFile; fileRef = C199D0322C6CBC4800E2A22F /* HomeController.swift */; };
		C199D0382C6CD14C00E2A22F /* HomeViewModel.swift in Sources */ = {isa = PBXBuildFile; fileRef = C199D0372C6CD14C00E2A22F /* HomeViewModel.swift */; };
		C199D0422C6E891200E2A22F /* NetworkManager.swift in Sources */ = {isa = PBXBuildFile; fileRef = C199D0412C6E891200E2A22F /* NetworkManager.swift */; };
		C199D0442C6E893C00E2A22F /* NetworkConstants.swift in Sources */ = {isa = PBXBuildFile; fileRef = C199D0432C6E893C00E2A22F /* NetworkConstants.swift */; };
		C199D0462C6F93C000E2A22F /* Struct.swift in Sources */ = {isa = PBXBuildFile; fileRef = C199D0452C6F93C000E2A22F /* Struct.swift */; };
/* End PBXBuildFile section */

/* Begin PBXFileReference section */
		C12147032C78B62200E095BA /* ImageCell.swift */ = {isa = PBXFileReference; lastKnownFileType = sourcecode.swift; path = ImageCell.swift; sourceTree = "<group>"; };
		C12147042C78B62200E095BA /* ImageCell.xib */ = {isa = PBXFileReference; lastKnownFileType = file.xib; path = ImageCell.xib; sourceTree = "<group>"; };
		C12147082C78BC1200E095BA /* TopicHeaderView.swift */ = {isa = PBXFileReference; lastKnownFileType = sourcecode.swift; path = TopicHeaderView.swift; sourceTree = "<group>"; };
		C12147092C78BC1200E095BA /* TopicHeaderView.xib */ = {isa = PBXFileReference; lastKnownFileType = file.xib; path = TopicHeaderView.xib; sourceTree = "<group>"; };
		C121470E2C78BCE400E095BA /* TopicCell.swift */ = {isa = PBXFileReference; lastKnownFileType = sourcecode.swift; path = TopicCell.swift; sourceTree = "<group>"; };
		C121470F2C78BCE400E095BA /* TopicCell.xib */ = {isa = PBXFileReference; lastKnownFileType = file.xib; path = TopicCell.xib; sourceTree = "<group>"; };
		C13991992C7A3A5E00DF0936 /* TopicEndpoint.swift */ = {isa = PBXFileReference; lastKnownFileType = sourcecode.swift; path = TopicEndpoint.swift; sourceTree = "<group>"; };
		C139919B2C7A3A7400DF0936 /* TopicManager.swift */ = {isa = PBXFileReference; lastKnownFileType = sourcecode.swift; path = TopicManager.swift; sourceTree = "<group>"; };
		C139919E2C7CA33500DF0936 /* PhotoManager.swift */ = {isa = PBXFileReference; lastKnownFileType = sourcecode.swift; path = PhotoManager.swift; sourceTree = "<group>"; };
		C13991A02C7CA34000DF0936 /* PhotoEndpoint.swift */ = {isa = PBXFileReference; lastKnownFileType = sourcecode.swift; path = PhotoEndpoint.swift; sourceTree = "<group>"; };
		C13991A22C7F14E300DF0936 /* GoogleService-Info.plist */ = {isa = PBXFileReference; fileEncoding = 4; lastKnownFileType = text.plist.xml; path = "GoogleService-Info.plist"; sourceTree = "<group>"; };
		C13991AF2C7F66E800DF0936 /* FirebaseManager.swift */ = {isa = PBXFileReference; lastKnownFileType = sourcecode.swift; path = FirebaseManager.swift; sourceTree = "<group>"; };
		C199CFA42C54E3FF00E2A22F /* Imagenation.app */ = {isa = PBXFileReference; explicitFileType = wrapper.application; includeInIndex = 0; path = Imagenation.app; sourceTree = BUILT_PRODUCTS_DIR; };
		C199CFA72C54E3FF00E2A22F /* AppDelegate.swift */ = {isa = PBXFileReference; lastKnownFileType = sourcecode.swift; path = AppDelegate.swift; sourceTree = "<group>"; };
		C199CFA92C54E3FF00E2A22F /* SceneDelegate.swift */ = {isa = PBXFileReference; lastKnownFileType = sourcecode.swift; path = SceneDelegate.swift; sourceTree = "<group>"; };
		C199CFAB2C54E3FF00E2A22F /* ViewController.swift */ = {isa = PBXFileReference; lastKnownFileType = sourcecode.swift; path = ViewController.swift; sourceTree = "<group>"; };
		C199CFAE2C54E3FF00E2A22F /* Base */ = {isa = PBXFileReference; lastKnownFileType = file.storyboard; name = Base; path = Base.lproj/Main.storyboard; sourceTree = "<group>"; };
		C199CFB02C54E40000E2A22F /* Assets.xcassets */ = {isa = PBXFileReference; lastKnownFileType = folder.assetcatalog; path = Assets.xcassets; sourceTree = "<group>"; };
		C199CFB32C54E40000E2A22F /* Base */ = {isa = PBXFileReference; lastKnownFileType = file.storyboard; name = Base; path = Base.lproj/LaunchScreen.storyboard; sourceTree = "<group>"; };
		C199CFB52C54E40000E2A22F /* Info.plist */ = {isa = PBXFileReference; lastKnownFileType = text.plist.xml; path = Info.plist; sourceTree = "<group>"; };
		C199CFBC2C5A5F1700E2A22F /* LoginController.swift */ = {isa = PBXFileReference; lastKnownFileType = sourcecode.swift; path = LoginController.swift; sourceTree = "<group>"; };
		C199CFBF2C5A5F3A00E2A22F /* RegisterController.swift */ = {isa = PBXFileReference; lastKnownFileType = sourcecode.swift; path = RegisterController.swift; sourceTree = "<group>"; };
		C199CFFA2C665FC900E2A22F /* Coordinator.swift */ = {isa = PBXFileReference; lastKnownFileType = sourcecode.swift; path = Coordinator.swift; sourceTree = "<group>"; };
		C199CFFD2C66602200E2A22F /* LoginViewModel.swift */ = {isa = PBXFileReference; lastKnownFileType = sourcecode.swift; path = LoginViewModel.swift; sourceTree = "<group>"; };
		C199CFFF2C6660A900E2A22F /* LoginCoordinator.swift */ = {isa = PBXFileReference; lastKnownFileType = sourcecode.swift; path = LoginCoordinator.swift; sourceTree = "<group>"; };
		C199D02F2C6CBBF600E2A22F /* RegisterViewModel.swift */ = {isa = PBXFileReference; lastKnownFileType = sourcecode.swift; path = RegisterViewModel.swift; sourceTree = "<group>"; };
		C199D0322C6CBC4800E2A22F /* HomeController.swift */ = {isa = PBXFileReference; lastKnownFileType = sourcecode.swift; path = HomeController.swift; sourceTree = "<group>"; };
		C199D0372C6CD14C00E2A22F /* HomeViewModel.swift */ = {isa = PBXFileReference; lastKnownFileType = sourcecode.swift; path = HomeViewModel.swift; sourceTree = "<group>"; };
		C199D0412C6E891200E2A22F /* NetworkManager.swift */ = {isa = PBXFileReference; lastKnownFileType = sourcecode.swift; path = NetworkManager.swift; sourceTree = "<group>"; };
		C199D0432C6E893C00E2A22F /* NetworkConstants.swift */ = {isa = PBXFileReference; lastKnownFileType = sourcecode.swift; path = NetworkConstants.swift; sourceTree = "<group>"; };
		C199D0452C6F93C000E2A22F /* Struct.swift */ = {isa = PBXFileReference; lastKnownFileType = sourcecode.swift; path = Struct.swift; sourceTree = "<group>"; };
/* End PBXFileReference section */

/* Begin PBXFrameworksBuildPhase section */
		C199CFA12C54E3FF00E2A22F /* Frameworks */ = {
			isa = PBXFrameworksBuildPhase;
			buildActionMask = 2147483647;
			files = (
				C13991AA2C7F15B500DF0936 /* FirebaseDatabase in Frameworks */,
				C16532492C76331D007BDF7F /* Kingfisher in Frameworks */,
				C13991A82C7F15B500DF0936 /* FirebaseCrashlytics in Frameworks */,
				C13991A62C7F15B500DF0936 /* FirebaseAuth in Frameworks */,
				C13991AE2C7F15B500DF0936 /* FirebaseStorage in Frameworks */,
				C1757BD72C7635D3006F4F1C /* Alamofire in Frameworks */,
				C13991AC2C7F15B500DF0936 /* FirebaseFirestore in Frameworks */,
			);
			runOnlyForDeploymentPostprocessing = 0;
		};
/* End PBXFrameworksBuildPhase section */

/* Begin PBXGroup section */
		C12146FD2C77D10100E095BA /* Reusable View */ = {
			isa = PBXGroup;
			children = (
				C121470D2C78BCC300E095BA /* Header */,
				C12147072C78BBEA00E095BA /* Topic */,
				C12147022C78B5FD00E095BA /* Image */,
			);
			path = "Reusable View";
			sourceTree = "<group>";
		};
		C12147022C78B5FD00E095BA /* Image */ = {
			isa = PBXGroup;
			children = (
				C12147032C78B62200E095BA /* ImageCell.swift */,
				C12147042C78B62200E095BA /* ImageCell.xib */,
			);
			path = Image;
			sourceTree = "<group>";
		};
		C12147072C78BBEA00E095BA /* Topic */ = {
			isa = PBXGroup;
			children = (
				C121470E2C78BCE400E095BA /* TopicCell.swift */,
				C121470F2C78BCE400E095BA /* TopicCell.xib */,
			);
			path = Topic;
			sourceTree = "<group>";
		};
		C121470D2C78BCC300E095BA /* Header */ = {
			isa = PBXGroup;
			children = (
				C12147082C78BC1200E095BA /* TopicHeaderView.swift */,
				C12147092C78BC1200E095BA /* TopicHeaderView.xib */,
			);
			path = Header;
			sourceTree = "<group>";
		};
		C13991982C7A3A4D00DF0936 /* Topic */ = {
			isa = PBXGroup;
			children = (
				C139919B2C7A3A7400DF0936 /* TopicManager.swift */,
				C13991992C7A3A5E00DF0936 /* TopicEndpoint.swift */,
			);
			path = Topic;
			sourceTree = "<group>";
		};
		C139919D2C7CA31B00DF0936 /* Topic's Photo */ = {
			isa = PBXGroup;
			children = (
				C139919E2C7CA33500DF0936 /* PhotoManager.swift */,
				C13991A02C7CA34000DF0936 /* PhotoEndpoint.swift */,
			);
			path = "Topic's Photo";
			sourceTree = "<group>";
		};
		C199CF9B2C54E3FF00E2A22F = {
			isa = PBXGroup;
			children = (
				C199CFA62C54E3FF00E2A22F /* Imagenation */,
				C199CFA52C54E3FF00E2A22F /* Products */,
			);
			sourceTree = "<group>";
		};
		C199CFA52C54E3FF00E2A22F /* Products */ = {
			isa = PBXGroup;
			children = (
				C199CFA42C54E3FF00E2A22F /* Imagenation.app */,
			);
			name = Products;
			sourceTree = "<group>";
		};
		C199CFA62C54E3FF00E2A22F /* Imagenation */ = {
			isa = PBXGroup;
			children = (
				C12146FD2C77D10100E095BA /* Reusable View */,
				C199D0392C6E881C00E2A22F /* Network */,
				C199D0342C6CCFF400E2A22F /* Model */,
				C199CFF92C665FB800E2A22F /* Helper */,
				C199CFBB2C5A5EF900E2A22F /* Scene */,
				C199CFA72C54E3FF00E2A22F /* AppDelegate.swift */,
				C199CFA92C54E3FF00E2A22F /* SceneDelegate.swift */,
				C199CFAB2C54E3FF00E2A22F /* ViewController.swift */,
				C199CFAD2C54E3FF00E2A22F /* Main.storyboard */,
				C199CFB02C54E40000E2A22F /* Assets.xcassets */,
				C199CFB22C54E40000E2A22F /* LaunchScreen.storyboard */,
				C199CFB52C54E40000E2A22F /* Info.plist */,
				C13991A22C7F14E300DF0936 /* GoogleService-Info.plist */,
			);
			path = Imagenation;
			sourceTree = "<group>";
		};
		C199CFBB2C5A5EF900E2A22F /* Scene */ = {
			isa = PBXGroup;
			children = (
				C199D0312C6CBC2700E2A22F /* Home */,
				C199D0012C66661600E2A22F /* Register */,
				C199CFFC2C66601400E2A22F /* Login */,
			);
			path = Scene;
			sourceTree = "<group>";
		};
		C199CFF92C665FB800E2A22F /* Helper */ = {
			isa = PBXGroup;
			children = (
				C199CFFA2C665FC900E2A22F /* Coordinator.swift */,
				C13991AF2C7F66E800DF0936 /* FirebaseManager.swift */,
			);
			path = Helper;
			sourceTree = "<group>";
		};
		C199CFFC2C66601400E2A22F /* Login */ = {
			isa = PBXGroup;
			children = (
				C199CFBC2C5A5F1700E2A22F /* LoginController.swift */,
				C199CFFD2C66602200E2A22F /* LoginViewModel.swift */,
				C199CFFF2C6660A900E2A22F /* LoginCoordinator.swift */,
			);
			path = Login;
			sourceTree = "<group>";
		};
		C199D0012C66661600E2A22F /* Register */ = {
			isa = PBXGroup;
			children = (
				C199CFBF2C5A5F3A00E2A22F /* RegisterController.swift */,
				C199D02F2C6CBBF600E2A22F /* RegisterViewModel.swift */,
			);
			path = Register;
			sourceTree = "<group>";
		};
		C199D0312C6CBC2700E2A22F /* Home */ = {
			isa = PBXGroup;
			children = (
				C199D0322C6CBC4800E2A22F /* HomeController.swift */,
				C199D0372C6CD14C00E2A22F /* HomeViewModel.swift */,
			);
			path = Home;
			sourceTree = "<group>";
		};
		C199D0342C6CCFF400E2A22F /* Model */ = {
			isa = PBXGroup;
			children = (
				C199D0452C6F93C000E2A22F /* Struct.swift */,
			);
			path = Model;
			sourceTree = "<group>";
		};
		C199D0392C6E881C00E2A22F /* Network */ = {
			isa = PBXGroup;
			children = (
				C139919D2C7CA31B00DF0936 /* Topic's Photo */,
				C13991982C7A3A4D00DF0936 /* Topic */,
				C199D0402C6E88FD00E2A22F /* Core */,
			);
			path = Network;
			sourceTree = "<group>";
		};
		C199D0402C6E88FD00E2A22F /* Core */ = {
			isa = PBXGroup;
			children = (
				C199D0412C6E891200E2A22F /* NetworkManager.swift */,
				C199D0432C6E893C00E2A22F /* NetworkConstants.swift */,
			);
			path = Core;
			sourceTree = "<group>";
		};
/* End PBXGroup section */

/* Begin PBXNativeTarget section */
		C199CFA32C54E3FF00E2A22F /* Imagenation */ = {
			isa = PBXNativeTarget;
			buildConfigurationList = C199CFB82C54E40000E2A22F /* Build configuration list for PBXNativeTarget "Imagenation" */;
			buildPhases = (
				C199CFA02C54E3FF00E2A22F /* Sources */,
				C199CFA12C54E3FF00E2A22F /* Frameworks */,
				C199CFA22C54E3FF00E2A22F /* Resources */,
			);
			buildRules = (
			);
			dependencies = (
			);
			name = Imagenation;
			packageProductDependencies = (
				C16532482C76331D007BDF7F /* Kingfisher */,
				C1757BD62C7635D3006F4F1C /* Alamofire */,
				C13991A52C7F15B500DF0936 /* FirebaseAuth */,
				C13991A72C7F15B500DF0936 /* FirebaseCrashlytics */,
				C13991A92C7F15B500DF0936 /* FirebaseDatabase */,
				C13991AB2C7F15B500DF0936 /* FirebaseFirestore */,
				C13991AD2C7F15B500DF0936 /* FirebaseStorage */,
			);
			productName = Imagenation;
			productReference = C199CFA42C54E3FF00E2A22F /* Imagenation.app */;
			productType = "com.apple.product-type.application";
		};
/* End PBXNativeTarget section */

/* Begin PBXProject section */
		C199CF9C2C54E3FF00E2A22F /* Project object */ = {
			isa = PBXProject;
			attributes = {
				BuildIndependentTargetsInParallel = 1;
				LastSwiftUpdateCheck = 1530;
				LastUpgradeCheck = 1530;
				TargetAttributes = {
					C199CFA32C54E3FF00E2A22F = {
						CreatedOnToolsVersion = 15.3;
					};
				};
			};
			buildConfigurationList = C199CF9F2C54E3FF00E2A22F /* Build configuration list for PBXProject "Imagenation" */;
			compatibilityVersion = "Xcode 14.0";
			developmentRegion = en;
			hasScannedForEncodings = 0;
			knownRegions = (
				en,
				Base,
			);
			mainGroup = C199CF9B2C54E3FF00E2A22F;
			packageReferences = (
				C16532472C76331D007BDF7F /* XCRemoteSwiftPackageReference "Kingfisher" */,
				C1757BD52C7635D3006F4F1C /* XCRemoteSwiftPackageReference "Alamofire" */,
				C13991A42C7F15B500DF0936 /* XCRemoteSwiftPackageReference "firebase-ios-sdk" */,
			);
			productRefGroup = C199CFA52C54E3FF00E2A22F /* Products */;
			projectDirPath = "";
			projectRoot = "";
			targets = (
				C199CFA32C54E3FF00E2A22F /* Imagenation */,
			);
		};
/* End PBXProject section */

/* Begin PBXResourcesBuildPhase section */
		C199CFA22C54E3FF00E2A22F /* Resources */ = {
			isa = PBXResourcesBuildPhase;
			buildActionMask = 2147483647;
			files = (
				C199CFB12C54E40000E2A22F /* Assets.xcassets in Resources */,
				C12147062C78B62200E095BA /* ImageCell.xib in Resources */,
				C199CFB42C54E40000E2A22F /* Base in Resources */,
				C121470B2C78BC1200E095BA /* TopicHeaderView.xib in Resources */,
				C199CFAF2C54E3FF00E2A22F /* Base in Resources */,
				C12147112C78BCE400E095BA /* TopicCell.xib in Resources */,
				C13991A32C7F14E300DF0936 /* GoogleService-Info.plist in Resources */,
			);
			runOnlyForDeploymentPostprocessing = 0;
		};
/* End PBXResourcesBuildPhase section */

/* Begin PBXSourcesBuildPhase section */
		C199CFA02C54E3FF00E2A22F /* Sources */ = {
			isa = PBXSourcesBuildPhase;
			buildActionMask = 2147483647;
			files = (
				C199D0442C6E893C00E2A22F /* NetworkConstants.swift in Sources */,
				C199CFC02C5A5F3A00E2A22F /* RegisterController.swift in Sources */,
				C199CFAC2C54E3FF00E2A22F /* ViewController.swift in Sources */,
				C199D0422C6E891200E2A22F /* NetworkManager.swift in Sources */,
				C13991B02C7F66E800DF0936 /* FirebaseManager.swift in Sources */,
				C199CFFB2C665FC900E2A22F /* Coordinator.swift in Sources */,
				C121470A2C78BC1200E095BA /* TopicHeaderView.swift in Sources */,
				C12147102C78BCE400E095BA /* TopicCell.swift in Sources */,
				C199CFBD2C5A5F1700E2A22F /* LoginController.swift in Sources */,
				C199D0332C6CBC4800E2A22F /* HomeController.swift in Sources */,
				C199CFA82C54E3FF00E2A22F /* AppDelegate.swift in Sources */,
				C199D0382C6CD14C00E2A22F /* HomeViewModel.swift in Sources */,
				C199CFAA2C54E3FF00E2A22F /* SceneDelegate.swift in Sources */,
				C199D0002C6660A900E2A22F /* LoginCoordinator.swift in Sources */,
				C199D0462C6F93C000E2A22F /* Struct.swift in Sources */,
				C139919A2C7A3A5E00DF0936 /* TopicEndpoint.swift in Sources */,
				C139919C2C7A3A7400DF0936 /* TopicManager.swift in Sources */,
				C12147052C78B62200E095BA /* ImageCell.swift in Sources */,
				C13991A12C7CA34000DF0936 /* PhotoEndpoint.swift in Sources */,
				C199D0302C6CBBF600E2A22F /* RegisterViewModel.swift in Sources */,
				C139919F2C7CA33500DF0936 /* PhotoManager.swift in Sources */,
				C199CFFE2C66602200E2A22F /* LoginViewModel.swift in Sources */,
			);
			runOnlyForDeploymentPostprocessing = 0;
		};
/* End PBXSourcesBuildPhase section */

/* Begin PBXVariantGroup section */
		C199CFAD2C54E3FF00E2A22F /* Main.storyboard */ = {
			isa = PBXVariantGroup;
			children = (
				C199CFAE2C54E3FF00E2A22F /* Base */,
			);
			name = Main.storyboard;
			sourceTree = "<group>";
		};
		C199CFB22C54E40000E2A22F /* LaunchScreen.storyboard */ = {
			isa = PBXVariantGroup;
			children = (
				C199CFB32C54E40000E2A22F /* Base */,
			);
			name = LaunchScreen.storyboard;
			sourceTree = "<group>";
		};
/* End PBXVariantGroup section */

/* Begin XCBuildConfiguration section */
		C199CFB62C54E40000E2A22F /* Debug */ = {
			isa = XCBuildConfiguration;
			buildSettings = {
				ALWAYS_SEARCH_USER_PATHS = NO;
				ASSETCATALOG_COMPILER_GENERATE_SWIFT_ASSET_SYMBOL_EXTENSIONS = YES;
				CLANG_ANALYZER_NONNULL = YES;
				CLANG_ANALYZER_NUMBER_OBJECT_CONVERSION = YES_AGGRESSIVE;
				CLANG_CXX_LANGUAGE_STANDARD = "gnu++20";
				CLANG_ENABLE_MODULES = YES;
				CLANG_ENABLE_OBJC_ARC = YES;
				CLANG_ENABLE_OBJC_WEAK = YES;
				CLANG_WARN_BLOCK_CAPTURE_AUTORELEASING = YES;
				CLANG_WARN_BOOL_CONVERSION = YES;
				CLANG_WARN_COMMA = YES;
				CLANG_WARN_CONSTANT_CONVERSION = YES;
				CLANG_WARN_DEPRECATED_OBJC_IMPLEMENTATIONS = YES;
				CLANG_WARN_DIRECT_OBJC_ISA_USAGE = YES_ERROR;
				CLANG_WARN_DOCUMENTATION_COMMENTS = YES;
				CLANG_WARN_EMPTY_BODY = YES;
				CLANG_WARN_ENUM_CONVERSION = YES;
				CLANG_WARN_INFINITE_RECURSION = YES;
				CLANG_WARN_INT_CONVERSION = YES;
				CLANG_WARN_NON_LITERAL_NULL_CONVERSION = YES;
				CLANG_WARN_OBJC_IMPLICIT_RETAIN_SELF = YES;
				CLANG_WARN_OBJC_LITERAL_CONVERSION = YES;
				CLANG_WARN_OBJC_ROOT_CLASS = YES_ERROR;
				CLANG_WARN_QUOTED_INCLUDE_IN_FRAMEWORK_HEADER = YES;
				CLANG_WARN_RANGE_LOOP_ANALYSIS = YES;
				CLANG_WARN_STRICT_PROTOTYPES = YES;
				CLANG_WARN_SUSPICIOUS_MOVE = YES;
				CLANG_WARN_UNGUARDED_AVAILABILITY = YES_AGGRESSIVE;
				CLANG_WARN_UNREACHABLE_CODE = YES;
				CLANG_WARN__DUPLICATE_METHOD_MATCH = YES;
				COPY_PHASE_STRIP = NO;
				DEBUG_INFORMATION_FORMAT = dwarf;
				ENABLE_STRICT_OBJC_MSGSEND = YES;
				ENABLE_TESTABILITY = YES;
				ENABLE_USER_SCRIPT_SANDBOXING = YES;
				GCC_C_LANGUAGE_STANDARD = gnu17;
				GCC_DYNAMIC_NO_PIC = NO;
				GCC_NO_COMMON_BLOCKS = YES;
				GCC_OPTIMIZATION_LEVEL = 0;
				GCC_PREPROCESSOR_DEFINITIONS = (
					"DEBUG=1",
					"$(inherited)",
				);
				GCC_WARN_64_TO_32_BIT_CONVERSION = YES;
				GCC_WARN_ABOUT_RETURN_TYPE = YES_ERROR;
				GCC_WARN_UNDECLARED_SELECTOR = YES;
				GCC_WARN_UNINITIALIZED_AUTOS = YES_AGGRESSIVE;
				GCC_WARN_UNUSED_FUNCTION = YES;
				GCC_WARN_UNUSED_VARIABLE = YES;
				IPHONEOS_DEPLOYMENT_TARGET = 17.4;
				LOCALIZATION_PREFERS_STRING_CATALOGS = YES;
				MTL_ENABLE_DEBUG_INFO = INCLUDE_SOURCE;
				MTL_FAST_MATH = YES;
				ONLY_ACTIVE_ARCH = YES;
				SDKROOT = iphoneos;
				SWIFT_ACTIVE_COMPILATION_CONDITIONS = "DEBUG $(inherited)";
				SWIFT_OPTIMIZATION_LEVEL = "-Onone";
			};
			name = Debug;
		};
		C199CFB72C54E40000E2A22F /* Release */ = {
			isa = XCBuildConfiguration;
			buildSettings = {
				ALWAYS_SEARCH_USER_PATHS = NO;
				ASSETCATALOG_COMPILER_GENERATE_SWIFT_ASSET_SYMBOL_EXTENSIONS = YES;
				CLANG_ANALYZER_NONNULL = YES;
				CLANG_ANALYZER_NUMBER_OBJECT_CONVERSION = YES_AGGRESSIVE;
				CLANG_CXX_LANGUAGE_STANDARD = "gnu++20";
				CLANG_ENABLE_MODULES = YES;
				CLANG_ENABLE_OBJC_ARC = YES;
				CLANG_ENABLE_OBJC_WEAK = YES;
				CLANG_WARN_BLOCK_CAPTURE_AUTORELEASING = YES;
				CLANG_WARN_BOOL_CONVERSION = YES;
				CLANG_WARN_COMMA = YES;
				CLANG_WARN_CONSTANT_CONVERSION = YES;
				CLANG_WARN_DEPRECATED_OBJC_IMPLEMENTATIONS = YES;
				CLANG_WARN_DIRECT_OBJC_ISA_USAGE = YES_ERROR;
				CLANG_WARN_DOCUMENTATION_COMMENTS = YES;
				CLANG_WARN_EMPTY_BODY = YES;
				CLANG_WARN_ENUM_CONVERSION = YES;
				CLANG_WARN_INFINITE_RECURSION = YES;
				CLANG_WARN_INT_CONVERSION = YES;
				CLANG_WARN_NON_LITERAL_NULL_CONVERSION = YES;
				CLANG_WARN_OBJC_IMPLICIT_RETAIN_SELF = YES;
				CLANG_WARN_OBJC_LITERAL_CONVERSION = YES;
				CLANG_WARN_OBJC_ROOT_CLASS = YES_ERROR;
				CLANG_WARN_QUOTED_INCLUDE_IN_FRAMEWORK_HEADER = YES;
				CLANG_WARN_RANGE_LOOP_ANALYSIS = YES;
				CLANG_WARN_STRICT_PROTOTYPES = YES;
				CLANG_WARN_SUSPICIOUS_MOVE = YES;
				CLANG_WARN_UNGUARDED_AVAILABILITY = YES_AGGRESSIVE;
				CLANG_WARN_UNREACHABLE_CODE = YES;
				CLANG_WARN__DUPLICATE_METHOD_MATCH = YES;
				COPY_PHASE_STRIP = NO;
				DEBUG_INFORMATION_FORMAT = "dwarf-with-dsym";
				ENABLE_NS_ASSERTIONS = NO;
				ENABLE_STRICT_OBJC_MSGSEND = YES;
				ENABLE_USER_SCRIPT_SANDBOXING = YES;
				GCC_C_LANGUAGE_STANDARD = gnu17;
				GCC_NO_COMMON_BLOCKS = YES;
				GCC_WARN_64_TO_32_BIT_CONVERSION = YES;
				GCC_WARN_ABOUT_RETURN_TYPE = YES_ERROR;
				GCC_WARN_UNDECLARED_SELECTOR = YES;
				GCC_WARN_UNINITIALIZED_AUTOS = YES_AGGRESSIVE;
				GCC_WARN_UNUSED_FUNCTION = YES;
				GCC_WARN_UNUSED_VARIABLE = YES;
				IPHONEOS_DEPLOYMENT_TARGET = 17.4;
				LOCALIZATION_PREFERS_STRING_CATALOGS = YES;
				MTL_ENABLE_DEBUG_INFO = NO;
				MTL_FAST_MATH = YES;
				SDKROOT = iphoneos;
				SWIFT_COMPILATION_MODE = wholemodule;
				VALIDATE_PRODUCT = YES;
			};
			name = Release;
		};
		C199CFB92C54E40000E2A22F /* Debug */ = {
			isa = XCBuildConfiguration;
			buildSettings = {
				ASSETCATALOG_COMPILER_APPICON_NAME = AppIcon;
				ASSETCATALOG_COMPILER_GLOBAL_ACCENT_COLOR_NAME = AccentColor;
				CODE_SIGN_IDENTITY = "Apple Development";
				CODE_SIGN_STYLE = Automatic;
				CURRENT_PROJECT_VERSION = 1;
				DEVELOPMENT_TEAM = "";
				GENERATE_INFOPLIST_FILE = YES;
				INFOPLIST_FILE = Imagenation/Info.plist;
				INFOPLIST_KEY_UIApplicationSupportsIndirectInputEvents = YES;
				INFOPLIST_KEY_UILaunchStoryboardName = LaunchScreen;
				INFOPLIST_KEY_UIMainStoryboardFile = Main;
				INFOPLIST_KEY_UISupportedInterfaceOrientations_iPad = "UIInterfaceOrientationPortrait UIInterfaceOrientationPortraitUpsideDown UIInterfaceOrientationLandscapeLeft UIInterfaceOrientationLandscapeRight";
				INFOPLIST_KEY_UISupportedInterfaceOrientations_iPhone = "UIInterfaceOrientationPortrait UIInterfaceOrientationLandscapeLeft UIInterfaceOrientationLandscapeRight";
				IPHONEOS_DEPLOYMENT_TARGET = 17.3;
				LD_RUNPATH_SEARCH_PATHS = (
					"$(inherited)",
					"@executable_path/Frameworks",
				);
				MARKETING_VERSION = 1.0;
				PRODUCT_BUNDLE_IDENTIFIER = com.panah.Imagenation;
				PRODUCT_NAME = "$(TARGET_NAME)";
				PROVISIONING_PROFILE_SPECIFIER = "";
				SWIFT_EMIT_LOC_STRINGS = YES;
				SWIFT_VERSION = 5.0;
				TARGETED_DEVICE_FAMILY = "1,2";
			};
			name = Debug;
		};
		C199CFBA2C54E40000E2A22F /* Release */ = {
			isa = XCBuildConfiguration;
			buildSettings = {
				ASSETCATALOG_COMPILER_APPICON_NAME = AppIcon;
				ASSETCATALOG_COMPILER_GLOBAL_ACCENT_COLOR_NAME = AccentColor;
				CODE_SIGN_IDENTITY = "Apple Development";
				CODE_SIGN_STYLE = Automatic;
				CURRENT_PROJECT_VERSION = 1;
				DEVELOPMENT_TEAM = "";
				GENERATE_INFOPLIST_FILE = YES;
				INFOPLIST_FILE = Imagenation/Info.plist;
				INFOPLIST_KEY_UIApplicationSupportsIndirectInputEvents = YES;
				INFOPLIST_KEY_UILaunchStoryboardName = LaunchScreen;
				INFOPLIST_KEY_UIMainStoryboardFile = Main;
				INFOPLIST_KEY_UISupportedInterfaceOrientations_iPad = "UIInterfaceOrientationPortrait UIInterfaceOrientationPortraitUpsideDown UIInterfaceOrientationLandscapeLeft UIInterfaceOrientationLandscapeRight";
				INFOPLIST_KEY_UISupportedInterfaceOrientations_iPhone = "UIInterfaceOrientationPortrait UIInterfaceOrientationLandscapeLeft UIInterfaceOrientationLandscapeRight";
				IPHONEOS_DEPLOYMENT_TARGET = 17.3;
				LD_RUNPATH_SEARCH_PATHS = (
					"$(inherited)",
					"@executable_path/Frameworks",
				);
				MARKETING_VERSION = 1.0;
				PRODUCT_BUNDLE_IDENTIFIER = com.panah.Imagenation;
				PRODUCT_NAME = "$(TARGET_NAME)";
				PROVISIONING_PROFILE_SPECIFIER = "";
				SWIFT_EMIT_LOC_STRINGS = YES;
				SWIFT_VERSION = 5.0;
				TARGETED_DEVICE_FAMILY = "1,2";
			};
			name = Release;
		};
/* End XCBuildConfiguration section */

/* Begin XCConfigurationList section */
		C199CF9F2C54E3FF00E2A22F /* Build configuration list for PBXProject "Imagenation" */ = {
			isa = XCConfigurationList;
			buildConfigurations = (
				C199CFB62C54E40000E2A22F /* Debug */,
				C199CFB72C54E40000E2A22F /* Release */,
			);
			defaultConfigurationIsVisible = 0;
			defaultConfigurationName = Release;
		};
		C199CFB82C54E40000E2A22F /* Build configuration list for PBXNativeTarget "Imagenation" */ = {
			isa = XCConfigurationList;
			buildConfigurations = (
				C199CFB92C54E40000E2A22F /* Debug */,
				C199CFBA2C54E40000E2A22F /* Release */,
			);
			defaultConfigurationIsVisible = 0;
			defaultConfigurationName = Release;
		};
/* End XCConfigurationList section */

/* Begin XCRemoteSwiftPackageReference section */
		C13991A42C7F15B500DF0936 /* XCRemoteSwiftPackageReference "firebase-ios-sdk" */ = {
			isa = XCRemoteSwiftPackageReference;
			repositoryURL = "https://github.com/firebase/firebase-ios-sdk";
			requirement = {
				kind = upToNextMajorVersion;
				minimumVersion = 11.1.0;
			};
		};
		C16532472C76331D007BDF7F /* XCRemoteSwiftPackageReference "Kingfisher" */ = {
			isa = XCRemoteSwiftPackageReference;
			repositoryURL = "https://github.com/onevcat/Kingfisher.git";
			requirement = {
				kind = upToNextMajorVersion;
				minimumVersion = 7.12.0;
			};
		};
		C1757BD52C7635D3006F4F1C /* XCRemoteSwiftPackageReference "Alamofire" */ = {
			isa = XCRemoteSwiftPackageReference;
			repositoryURL = "https://github.com/Alamofire/Alamofire.git";
			requirement = {
				kind = upToNextMajorVersion;
				minimumVersion = 5.9.1;
			};
		};
/* End XCRemoteSwiftPackageReference section */

/* Begin XCSwiftPackageProductDependency section */
		C13991A52C7F15B500DF0936 /* FirebaseAuth */ = {
			isa = XCSwiftPackageProductDependency;
			package = C13991A42C7F15B500DF0936 /* XCRemoteSwiftPackageReference "firebase-ios-sdk" */;
			productName = FirebaseAuth;
		};
		C13991A72C7F15B500DF0936 /* FirebaseCrashlytics */ = {
			isa = XCSwiftPackageProductDependency;
			package = C13991A42C7F15B500DF0936 /* XCRemoteSwiftPackageReference "firebase-ios-sdk" */;
			productName = FirebaseCrashlytics;
		};
		C13991A92C7F15B500DF0936 /* FirebaseDatabase */ = {
			isa = XCSwiftPackageProductDependency;
			package = C13991A42C7F15B500DF0936 /* XCRemoteSwiftPackageReference "firebase-ios-sdk" */;
			productName = FirebaseDatabase;
		};
		C13991AB2C7F15B500DF0936 /* FirebaseFirestore */ = {
			isa = XCSwiftPackageProductDependency;
			package = C13991A42C7F15B500DF0936 /* XCRemoteSwiftPackageReference "firebase-ios-sdk" */;
			productName = FirebaseFirestore;
		};
		C13991AD2C7F15B500DF0936 /* FirebaseStorage */ = {
			isa = XCSwiftPackageProductDependency;
			package = C13991A42C7F15B500DF0936 /* XCRemoteSwiftPackageReference "firebase-ios-sdk" */;
			productName = FirebaseStorage;
		};
		C16532482C76331D007BDF7F /* Kingfisher */ = {
			isa = XCSwiftPackageProductDependency;
			package = C16532472C76331D007BDF7F /* XCRemoteSwiftPackageReference "Kingfisher" */;
			productName = Kingfisher;
		};
		C1757BD62C7635D3006F4F1C /* Alamofire */ = {
			isa = XCSwiftPackageProductDependency;
			package = C1757BD52C7635D3006F4F1C /* XCRemoteSwiftPackageReference "Alamofire" */;
			productName = Alamofire;
		};
/* End XCSwiftPackageProductDependency section */
	};
	rootObject = C199CF9C2C54E3FF00E2A22F /* Project object */;
}
